
Microsoft Visual Studio Solution File, Format Version 12.00
# Visual Studio Version 17
VisualStudioVersion = 17.1.32104.313
MinimumVisualStudioVersion = 10.0.40219.1
Project("{9A19103F-16F7-4668-BE54-9A1E7A4F7556}") = "ToMqttNet", "src\ToMqttNet\ToMqttNet.csproj", "{EBAC9526-DC18-4B97-931F-1962ABE0CA6D}"
EndProject
Project("{FAE04EC0-301F-11D3-BF4B-00C04F79EFBC}") = "ToMqttNet.Test.Unit", "test\ToMqttNet.Test.Unit\ToMqttNet.Test.Unit.csproj", "{B94A03BA-1137-4F1B-8FE1-99CFFF37A41A}"
EndProject
Global
	GlobalSection(SolutionConfigurationPlatforms) = preSolution
		Debug|Any CPU = Debug|Any CPU
		Release|Any CPU = Release|Any CPU
	EndGlobalSection
	GlobalSection(ProjectConfigurationPlatforms) = postSolution
		{EBAC9526-DC18-4B97-931F-1962ABE0CA6D}.Debug|Any CPU.ActiveCfg = Debug|Any CPU
		{EBAC9526-DC18-4B97-931F-1962ABE0CA6D}.Debug|Any CPU.Build.0 = Debug|Any CPU
		{EBAC9526-DC18-4B97-931F-1962ABE0CA6D}.Release|Any CPU.ActiveCfg = Release|Any CPU
		{EBAC9526-DC18-4B97-931F-1962ABE0CA6D}.Release|Any CPU.Build.0 = Release|Any CPU
		{B94A03BA-1137-4F1B-8FE1-99CFFF37A41A}.Debug|Any CPU.ActiveCfg = Debug|Any CPU
		{B94A03BA-1137-4F1B-8FE1-99CFFF37A41A}.Debug|Any CPU.Build.0 = Debug|Any CPU
		{B94A03BA-1137-4F1B-8FE1-99CFFF37A41A}.Release|Any CPU.ActiveCfg = Release|Any CPU
		{B94A03BA-1137-4F1B-8FE1-99CFFF37A41A}.Release|Any CPU.Build.0 = Release|Any CPU
	EndGlobalSection
	GlobalSection(SolutionProperties) = preSolution
		HideSolutionNode = FALSE
	EndGlobalSection
	GlobalSection(ExtensibilityGlobals) = postSolution
		SolutionGuid = {6543D0AB-BAE1-4A60-99E6-ED95F2973A9C}
	EndGlobalSection
EndGlobal
