{
  "version": 1,
  "dependencies": {
    "net8.0": {
      "Microsoft.DotNet.ILCompiler": {
        "type": "Direct",
        "requested": "[7.0.11, )",
        "resolved": "7.0.11",
        "contentHash": "KiABgv8YsIG6cSgWcnOc2K2TwsXQ+oaduDF6vCasmY64WFbseIbz/5vFqhGqLgqhUPvGkVU1OFKyfcMXp1fq6Q=="
      },
      "Microsoft.Extensions.Hosting.Abstractions": {
        "type": "Direct",
        "requested": "[7.0.0, )",
        "resolved": "7.0.0",
        "contentHash": "43n9Je09z0p/7ViPxfRqs5BUItRLNVh5b6JH40F2Agkh2NBsY/jpNYTtbCcxrHCsA3oRmbR6RJBzUutB4VZvNQ==",
        "dependencies": {
          "Microsoft.Extensions.Configuration.Abstractions": "7.0.0",
          "Microsoft.Extensions.DependencyInjection.Abstractions": "7.0.0",
          "Microsoft.Extensions.FileProviders.Abstractions": "7.0.0"
        }
      },
      "Microsoft.Extensions.Logging.Abstractions": {
        "type": "Direct",
        "requested": "[7.0.1, )",
        "resolved": "7.0.1",
        "contentHash": "pkeBFx0vqMW/A3aUVHh7MPu3WkBhaVlezhSZeb1c9XD0vUReYH1TLFSy5MxJgZfmz5LZzYoErMorlYZiwpOoNA=="
      },
      "Microsoft.Extensions.Options": {
        "type": "Direct",
        "requested": "[7.0.1, )",
        "resolved": "7.0.1",
        "contentHash": "pZRDYdN1FpepOIfHU62QoBQ6zdAoTvnjxFfqAzEd9Jhb2dfhA5i6jeTdgGgcgTWFRC7oT0+3XrbQu4LjvgX1Nw==",
        "dependencies": {
          "Microsoft.Extensions.DependencyInjection.Abstractions": "7.0.0",
          "Microsoft.Extensions.Primitives": "7.0.0"
        }
      },
      "Microsoft.Extensions.Options.DataAnnotations": {
        "type": "Direct",
        "requested": "[7.0.0, )",
        "resolved": "7.0.0",
        "contentHash": "57cONN+EcyypxCmDlaJOL7tdeYMiRNVZmv2m7hi41zAu03p+r6jbGTx7bykg3o4GYPRQjsi0FGhjLn5XuVHM1Q==",
        "dependencies": {
          "Microsoft.Extensions.DependencyInjection.Abstractions": "7.0.0",
          "Microsoft.Extensions.Options": "7.0.0"
        }
      },
      "Microsoft.NET.ILLink.Tasks": {
        "type": "Direct",
        "requested": "[8.0.0-rc.1.23419.4, )",
        "resolved": "8.0.0-rc.1.23419.4",
        "contentHash": "Te369WOsPH7E7PRtGi9/0+IRVD9BhmMQgVp4OmXVfDrna29E35bE08WKED0/15VwJ28vVd5+JbtKYZrwO3PXQg=="
      },
      "MQTTnet": {
        "type": "Direct",
        "requested": "[4.3.1.873, )",
        "resolved": "4.3.1.873",
        "contentHash": "5Btmzjv9TWQewlHL6QPB3/deTxAfHf0cR1ixehH/4311oKUpiYrgt1uQZFTbyBWjR7zVKv1U3+s4o3IPm/++Ww=="
      },
      "MQTTnet.Extensions.ManagedClient": {
        "type": "Direct",
        "requested": "[4.3.1.873, )",
        "resolved": "4.3.1.873",
        "contentHash": "mIGan9zPDnZUSsaXbAhkbnsnTBo+cQzH1Uccq2S19FPbol3HJ6xhT0keBtxzk6nbF2iXvoQGXepk9LR8u1iY5g==",
        "dependencies": {
          "MQTTnet": "4.3.1.873"
        }
      },
      "Microsoft.Extensions.Configuration.Abstractions": {
        "type": "Transitive",
        "resolved": "7.0.0",
        "contentHash": "f34u2eaqIjNO9YLHBz8rozVZ+TcFiFs0F3r7nUJd7FRkVSxk8u4OpoK226mi49MwexHOR2ibP9MFvRUaLilcQQ==",
        "dependencies": {
          "Microsoft.Extensions.Primitives": "7.0.0"
        }
      },
      "Microsoft.Extensions.DependencyInjection.Abstractions": {
        "type": "Transitive",
        "resolved": "7.0.0",
        "contentHash": "h3j/QfmFN4S0w4C2A6X7arXij/M/OVw3uQHSOFxnND4DyAzO1F9eMX7Eti7lU/OkSthEE0WzRsfT/Dmx86jzCw=="
      },
      "Microsoft.Extensions.FileProviders.Abstractions": {
        "type": "Transitive",
        "resolved": "7.0.0",
        "contentHash": "NyawiW9ZT/liQb34k9YqBSNPLuuPkrjMgQZ24Y/xXX1RoiBkLUdPMaQTmxhZ5TYu8ZKZ9qayzil75JX95vGQUg==",
        "dependencies": {
          "Microsoft.Extensions.Primitives": "7.0.0"
        }
      },
      "Microsoft.Extensions.Primitives": {
        "type": "Transitive",
        "resolved": "7.0.0",
        "contentHash": "um1KU5kxcRp3CNuI8o/GrZtD4AIOXDk+RLsytjZ9QPok3ttLUelLKpilVPuaFT3TFjOhSibUAso0odbOaCDj3Q=="
      }
    }
  }
}